
Microsoft Visual Studio Solution File, Format Version 12.00
# Visual Studio Version 17
VisualStudioVersion = 17.4.33213.308
MinimumVisualStudioVersion = 10.0.40219.1
Project("{9A19103F-16F7-4668-BE54-9A1E7A4F7556}") = "rakugaki_movie", "rakugaki_movie\rakugaki_movie.csproj", "{614B53DF-AB23-47B9-93BC-FDCE6A6B6D6C}"
EndProject
Global
	GlobalSection(SolutionConfigurationPlatforms) = preSolution
		Debug|Any CPU = Debug|Any CPU
		Release|Any CPU = Release|Any CPU
	EndGlobalSection
	GlobalSection(ProjectConfigurationPlatforms) = postSolution
		{614B53DF-AB23-47B9-93BC-FDCE6A6B6D6C}.Debug|Any CPU.ActiveCfg = Debug|Any CPU
		{614B53DF-AB23-47B9-93BC-FDCE6A6B6D6C}.Debug|Any CPU.Build.0 = Debug|Any CPU
		{614B53DF-AB23-47B9-93BC-FDCE6A6B6D6C}.Release|Any CPU.ActiveCfg = Release|Any CPU
		{614B53DF-AB23-47B9-93BC-FDCE6A6B6D6C}.Release|Any CPU.Build.0 = Release|Any CPU
	EndGlobalSection
	GlobalSection(SolutionProperties) = preSolution
		HideSolutionNode = FALSE
	EndGlobalSection
	GlobalSection(ExtensibilityGlobals) = postSolution
		SolutionGuid = {43F05426-94BC-49D3-9E6C-A564792730BB}
	EndGlobalSection
EndGlobal
